
Microsoft Visual Studio Solution File, Format Version 12.00
# Visual Studio 15
VisualStudioVersion = 15.0.27703.2018
MinimumVisualStudioVersion = 10.0.40219.1
Project("{8BC9CEB8-8B4A-11D0-8D11-00A0C91BC942}") = "ScoreBoard", "ScoreBoard\ScoreBoard.vcxproj", "{748E6585-73F4-4749-B3D4-5AB8F42253AC}"
EndProject
Global
	GlobalSection(SolutionConfigurationPlatforms) = preSolution
		Debug|Win32 = Debug|Win32
		Release|Win32 = Release|Win32
	EndGlobalSection
	GlobalSection(ProjectConfigurationPlatforms) = postSolution
		{748E6585-73F4-4749-B3D4-5AB8F42253AC}.Debug|Win32.ActiveCfg = Debug|Win32
		{748E6585-73F4-4749-B3D4-5AB8F42253AC}.Debug|Win32.Build.0 = Debug|Win32
		{748E6585-73F4-4749-B3D4-5AB8F42253AC}.Release|Win32.ActiveCfg = Release|Win32
		{748E6585-73F4-4749-B3D4-5AB8F42253AC}.Release|Win32.Build.0 = Release|Win32
	EndGlobalSection
	GlobalSection(SolutionProperties) = preSolution
		HideSolutionNode = FALSE
	EndGlobalSection
	GlobalSection(ExtensibilityGlobals) = postSolution
		SolutionGuid = {19AEF4D1-F92D-483C-BB8A-E073C3DD2869}
	EndGlobalSection
EndGlobal
